
Microsoft Visual Studio Solution File, Format Version 12.00
# Visual Studio Version 17
VisualStudioVersion = 17.7.34031.279
MinimumVisualStudioVersion = 10.0.40219.1
Project("{9A19103F-16F7-4668-BE54-9A1E7A4F7556}") = "GitSync", "GitSync\GitSync.csproj", "{C3DDF40D-8FE5-4169-9412-CDFEAC538989}"
EndProject
Project("{2150E333-8FDC-42A3-9474-1A3956D46DE8}") = "Others", "Others", "{A690E569-9953-4853-BC7A-5DE860C054B9}"
	ProjectSection(SolutionItems) = preProject
		Readme.MD = Readme.MD
	EndProjectSection
EndProject
Project("{FAE04EC0-301F-11D3-BF4B-00C04F79EFBC}") = "TestProject1", "TestProject1\TestProject1.csproj", "{83E04EBF-AA0C-4636-AFAE-A0A38F56B1D0}"
EndProject
Global
	GlobalSection(SolutionConfigurationPlatforms) = preSolution
		Debug|Any CPU = Debug|Any CPU
		Release|Any CPU = Release|Any CPU
	EndGlobalSection
	GlobalSection(ProjectConfigurationPlatforms) = postSolution
		{C3DDF40D-8FE5-4169-9412-CDFEAC538989}.Debug|Any CPU.ActiveCfg = Debug|Any CPU
		{C3DDF40D-8FE5-4169-9412-CDFEAC538989}.Debug|Any CPU.Build.0 = Debug|Any CPU
		{C3DDF40D-8FE5-4169-9412-CDFEAC538989}.Release|Any CPU.ActiveCfg = Release|Any CPU
		{C3DDF40D-8FE5-4169-9412-CDFEAC538989}.Release|Any CPU.Build.0 = Release|Any CPU
		{83E04EBF-AA0C-4636-AFAE-A0A38F56B1D0}.Debug|Any CPU.ActiveCfg = Debug|Any CPU
		{83E04EBF-AA0C-4636-AFAE-A0A38F56B1D0}.Debug|Any CPU.Build.0 = Debug|Any CPU
		{83E04EBF-AA0C-4636-AFAE-A0A38F56B1D0}.Release|Any CPU.ActiveCfg = Release|Any CPU
		{83E04EBF-AA0C-4636-AFAE-A0A38F56B1D0}.Release|Any CPU.Build.0 = Release|Any CPU
	EndGlobalSection
	GlobalSection(SolutionProperties) = preSolution
		HideSolutionNode = FALSE
	EndGlobalSection
	GlobalSection(ExtensibilityGlobals) = postSolution
		SolutionGuid = {D9F6D509-45B7-4176-8846-FF39A9148C34}
	EndGlobalSection
EndGlobal
